
Microsoft Visual Studio Solution File, Format Version 12.00
Project("{FAE04EC0-301F-11D3-BF4B-00C04F79EFBC}") = "EfCoreBackingFieldDemo", "EfCoreBackingFieldDemo\EfCoreBackingFieldDemo.csproj", "{0A339B2D-0309-4900-B732-BCC7BCCD1408}"
EndProject
Global
	GlobalSection(SolutionConfigurationPlatforms) = preSolution
		Debug|Any CPU = Debug|Any CPU
		Release|Any CPU = Release|Any CPU
	EndGlobalSection
	GlobalSection(ProjectConfigurationPlatforms) = postSolution
		{0A339B2D-0309-4900-B732-BCC7BCCD1408}.Debug|Any CPU.ActiveCfg = Debug|Any CPU
		{0A339B2D-0309-4900-B732-BCC7BCCD1408}.Debug|Any CPU.Build.0 = Debug|Any CPU
		{0A339B2D-0309-4900-B732-BCC7BCCD1408}.Release|Any CPU.ActiveCfg = Release|Any CPU
		{0A339B2D-0309-4900-B732-BCC7BCCD1408}.Release|Any CPU.Build.0 = Release|Any CPU
	EndGlobalSection
EndGlobal
